{
    "version": 3,
    "terraform_version": "0.11.1",
    "serial": 14,
    "lineage": "3e5c3a63-7022-4669-9a6f-f6702f9a5202",
    "modules": [
        {
            "path": [
                "root"
            ],
            "outputs": {},
            "resources": {
                "digitalocean_droplet.web": {
                    "type": "digitalocean_droplet",
                    "depends_on": [],
                    "primary": {
                        "id": "147900360",
                        "attributes": {
                            "backups": "false",
                            "disk": "320",
                            "id": "147900360",
                            "image": "ubuntu-18-04-x64",
                            "ipv4_address": "139.59.69.157",
                            "ipv4_address_private": "",
                            "ipv6": "false",
                            "ipv6_address": "",
                            "ipv6_address_private": "",
                            "locked": "false",
                            "memory": "16384",
                            "monitoring": "false",
                            "name": "web-1",
                            "price_hourly": "0.11905",
                            "price_monthly": "80",
                            "private_networking": "false",
                            "region": "blr1",
                            "resize_disk": "true",
                            "size": "s-6vcpu-16gb",
                            "ssh_keys.#": "1",
                            "ssh_keys.2819655720": "ab:40:e0:65:6a:5e:2d:ec:66:7a:54:e0:c7:97:bb:16",
                            "status": "active",
                            "tags.#": "0",
                            "urn": "do:droplet:147900360",
                            "vcpus": "6",
                            "volume_ids.#": "0"
                        },
                        "meta": {
                            "schema_version": "1"
                        },
                        "tainted": true
                    },
                    "deposed": [],
                    "provider": "provider.digitalocean"
                }
            },
            "depends_on": []
        }
    ]
}
